
Microsoft Visual Studio Solution File, Format Version 12.00
# Visual Studio Version 17
VisualStudioVersion = 17.0.31903.59
MinimumVisualStudioVersion = 10.0.40219.1
Project("{FAE04EC0-301F-11D3-BF4B-00C04F79EFBC}") = "FullTractor.Domain", "FullTractor.Domain\FullTractor.Domain.csproj", "{C85EB6A2-89AC-427B-97DF-C000022059FA}"
EndProject
Project("{FAE04EC0-301F-11D3-BF4B-00C04F79EFBC}") = "FullTractor.Infrastructure", "FullTractor.Infrastructure\FullTractor.Infrastructure.csproj", "{C83D5BC4-317F-4612-A50F-4C12ABD78826}"
EndProject
Project("{FAE04EC0-301F-11D3-BF4B-00C04F79EFBC}") = "FullTractor.Application", "FullTractor.Application\FullTractor.Application.csproj", "{75A85E8F-6C1F-4098-A23A-16B7717F677D}"
EndProject
Global
	GlobalSection(SolutionConfigurationPlatforms) = preSolution
		Debug|Any CPU = Debug|Any CPU
		Debug|x64 = Debug|x64
		Debug|x86 = Debug|x86
		Release|Any CPU = Release|Any CPU
		Release|x64 = Release|x64
		Release|x86 = Release|x86
	EndGlobalSection
	GlobalSection(ProjectConfigurationPlatforms) = postSolution
		{C85EB6A2-89AC-427B-97DF-C000022059FA}.Debug|Any CPU.ActiveCfg = Debug|Any CPU
		{C85EB6A2-89AC-427B-97DF-C000022059FA}.Debug|Any CPU.Build.0 = Debug|Any CPU
		{C85EB6A2-89AC-427B-97DF-C000022059FA}.Debug|x64.ActiveCfg = Debug|Any CPU
		{C85EB6A2-89AC-427B-97DF-C000022059FA}.Debug|x64.Build.0 = Debug|Any CPU
		{C85EB6A2-89AC-427B-97DF-C000022059FA}.Debug|x86.ActiveCfg = Debug|Any CPU
		{C85EB6A2-89AC-427B-97DF-C000022059FA}.Debug|x86.Build.0 = Debug|Any CPU
		{C85EB6A2-89AC-427B-97DF-C000022059FA}.Release|Any CPU.ActiveCfg = Release|Any CPU
		{C85EB6A2-89AC-427B-97DF-C000022059FA}.Release|Any CPU.Build.0 = Release|Any CPU
		{C85EB6A2-89AC-427B-97DF-C000022059FA}.Release|x64.ActiveCfg = Release|Any CPU
		{C85EB6A2-89AC-427B-97DF-C000022059FA}.Release|x64.Build.0 = Release|Any CPU
		{C85EB6A2-89AC-427B-97DF-C000022059FA}.Release|x86.ActiveCfg = Release|Any CPU
		{C85EB6A2-89AC-427B-97DF-C000022059FA}.Release|x86.Build.0 = Release|Any CPU
		{C83D5BC4-317F-4612-A50F-4C12ABD78826}.Debug|Any CPU.ActiveCfg = Debug|Any CPU
		{C83D5BC4-317F-4612-A50F-4C12ABD78826}.Debug|Any CPU.Build.0 = Debug|Any CPU
		{C83D5BC4-317F-4612-A50F-4C12ABD78826}.Debug|x64.ActiveCfg = Debug|Any CPU
		{C83D5BC4-317F-4612-A50F-4C12ABD78826}.Debug|x64.Build.0 = Debug|Any CPU
		{C83D5BC4-317F-4612-A50F-4C12ABD78826}.Debug|x86.ActiveCfg = Debug|Any CPU
		{C83D5BC4-317F-4612-A50F-4C12ABD78826}.Debug|x86.Build.0 = Debug|Any CPU
		{C83D5BC4-317F-4612-A50F-4C12ABD78826}.Release|Any CPU.ActiveCfg = Release|Any CPU
		{C83D5BC4-317F-4612-A50F-4C12ABD78826}.Release|Any CPU.Build.0 = Release|Any CPU
		{C83D5BC4-317F-4612-A50F-4C12ABD78826}.Release|x64.ActiveCfg = Release|Any CPU
		{C83D5BC4-317F-4612-A50F-4C12ABD78826}.Release|x64.Build.0 = Release|Any CPU
		{C83D5BC4-317F-4612-A50F-4C12ABD78826}.Release|x86.ActiveCfg = Release|Any CPU
		{C83D5BC4-317F-4612-A50F-4C12ABD78826}.Release|x86.Build.0 = Release|Any CPU
		{75A85E8F-6C1F-4098-A23A-16B7717F677D}.Debug|Any CPU.ActiveCfg = Debug|Any CPU
		{75A85E8F-6C1F-4098-A23A-16B7717F677D}.Debug|Any CPU.Build.0 = Debug|Any CPU
		{75A85E8F-6C1F-4098-A23A-16B7717F677D}.Debug|x64.ActiveCfg = Debug|Any CPU
		{75A85E8F-6C1F-4098-A23A-16B7717F677D}.Debug|x64.Build.0 = Debug|Any CPU
		{75A85E8F-6C1F-4098-A23A-16B7717F677D}.Debug|x86.ActiveCfg = Debug|Any CPU
		{75A85E8F-6C1F-4098-A23A-16B7717F677D}.Debug|x86.Build.0 = Debug|Any CPU
		{75A85E8F-6C1F-4098-A23A-16B7717F677D}.Release|Any CPU.ActiveCfg = Release|Any CPU
		{75A85E8F-6C1F-4098-A23A-16B7717F677D}.Release|Any CPU.Build.0 = Release|Any CPU
		{75A85E8F-6C1F-4098-A23A-16B7717F677D}.Release|x64.ActiveCfg = Release|Any CPU
		{75A85E8F-6C1F-4098-A23A-16B7717F677D}.Release|x64.Build.0 = Release|Any CPU
		{75A85E8F-6C1F-4098-A23A-16B7717F677D}.Release|x86.ActiveCfg = Release|Any CPU
		{75A85E8F-6C1F-4098-A23A-16B7717F677D}.Release|x86.Build.0 = Release|Any CPU
	EndGlobalSection
	GlobalSection(SolutionProperties) = preSolution
		HideSolutionNode = FALSE
	EndGlobalSection
EndGlobal
